// !$*UTF8*$!
{
	archiveVersion = 1;
	classes = {
	};
	objectVersion = 46;
	objects = {

/* Begin PBXBuildFile section */
		269DEBEF1DABDB6D00D4322B /* Interactive.swift in Sources */ = {isa = PBXBuildFile; fileRef = 269DEBEE1DABDB6D00D4322B /* Interactive.swift */; };
		269DEBF11DABE59500D4322B /* io.swift in Sources */ = {isa = PBXBuildFile; fileRef = 269DEBF01DABE59500D4322B /* io.swift */; };
		269DEBF31DABE64200D4322B /* main.swift in Sources */ = {isa = PBXBuildFile; fileRef = 269DEBF21DABE64200D4322B /* main.swift */; };
/* End PBXBuildFile section */

/* Begin PBXCopyFilesBuildPhase section */
		269DEBE21DABD92D00D4322B /* CopyFiles */ = {
			isa = PBXCopyFilesBuildPhase;
			buildActionMask = 2147483647;
			dstPath = /usr/share/man/man1/;
			dstSubfolderSpec = 0;
			files = (
			);
			runOnlyForDeploymentPostprocessing = 1;
		};
/* End PBXCopyFilesBuildPhase section */

/* Begin PBXFileReference section */
		269DEBE41DABD92D00D4322B /* TipCalculator-Raw */ = {isa = PBXFileReference; explicitFileType = "compiled.mach-o.executable"; includeInIndex = 0; path = "TipCalculator-Raw"; sourceTree = BUILT_PRODUCTS_DIR; };
		269DEBEE1DABDB6D00D4322B /* Interactive.swift */ = {isa = PBXFileReference; fileEncoding = 4; lastKnownFileType = sourcecode.swift; path = Interactive.swift; sourceTree = "<group>"; };
		269DEBF01DABE59500D4322B /* io.swift */ = {isa = PBXFileReference; fileEncoding = 4; lastKnownFileType = sourcecode.swift; path = io.swift; sourceTree = "<group>"; };
		269DEBF21DABE64200D4322B /* main.swift */ = {isa = PBXFileReference; fileEncoding = 4; lastKnownFileType = sourcecode.swift; path = main.swift; sourceTree = "<group>"; };
/* End PBXFileReference section */

/* Begin PBXFrameworksBuildPhase section */
		269DEBE11DABD92D00D4322B /* Frameworks */ = {
			isa = PBXFrameworksBuildPhase;
			buildActionMask = 2147483647;
			files = (
			);
			runOnlyForDeploymentPostprocessing = 0;
		};
/* End PBXFrameworksBuildPhase section */

/* Begin PBXGroup section */
		269DEBDB1DABD92C00D4322B = {
			isa = PBXGroup;
			children = (
				269DEBE61DABD92D00D4322B /* TipCalculator-Raw */,
				269DEBE51DABD92D00D4322B /* Products */,
			);
			sourceTree = "<group>";
		};
		269DEBE51DABD92D00D4322B /* Products */ = {
			isa = PBXGroup;
			children = (
				269DEBE41DABD92D00D4322B /* TipCalculator-Raw */,
			);
			name = Products;
			sourceTree = "<group>";
		};
		269DEBE61DABD92D00D4322B /* TipCalculator-Raw */ = {
			isa = PBXGroup;
			children = (
				269DEBEE1DABDB6D00D4322B /* Interactive.swift */,
				269DEBF01DABE59500D4322B /* io.swift */,
				269DEBF21DABE64200D4322B /* main.swift */,
			);
			path = "TipCalculator-Raw";
			sourceTree = "<group>";
		};
/* End PBXGroup section */

/* Begin PBXNativeTarget section */
		269DEBE31DABD92D00D4322B /* TipCalculator-Raw */ = {
			isa = PBXNativeTarget;
			buildConfigurationList = 269DEBEB1DABD92D00D4322B /* Build configuration list for PBXNativeTarget "TipCalculator-Raw" */;
			buildPhases = (
				269DEBE01DABD92D00D4322B /* Sources */,
				269DEBE11DABD92D00D4322B /* Frameworks */,
				269DEBE21DABD92D00D4322B /* CopyFiles */,
			);
			buildRules = (
			);
			dependencies = (
			);
			name = "TipCalculator-Raw";
			productName = "TipCalculator-Raw";
			productReference = 269DEBE41DABD92D00D4322B /* TipCalculator-Raw */;
			productType = "com.apple.product-type.tool";
		};
/* End PBXNativeTarget section */

/* Begin PBXProject section */
		269DEBDC1DABD92D00D4322B /* Project object */ = {
			isa = PBXProject;
			attributes = {
				LastSwiftUpdateCheck = 0800;
				LastUpgradeCheck = 0800;
				ORGANIZATIONNAME = Teky;
				TargetAttributes = {
					269DEBE31DABD92D00D4322B = {
						CreatedOnToolsVersion = 8.0;
						DevelopmentTeam = Z6WPWUB2XE;
						ProvisioningStyle = Automatic;
					};
				};
			};
			buildConfigurationList = 269DEBDF1DABD92D00D4322B /* Build configuration list for PBXProject "TipCalculator-Raw" */;
			compatibilityVersion = "Xcode 3.2";
			developmentRegion = English;
			hasScannedForEncodings = 0;
			knownRegions = (
				en,
			);
			mainGroup = 269DEBDB1DABD92C00D4322B;
			productRefGroup = 269DEBE51DABD92D00D4322B /* Products */;
			projectDirPath = "";
			projectRoot = "";
			targets = (
				269DEBE31DABD92D00D4322B /* TipCalculator-Raw */,
			);
		};
/* End PBXProject section */

/* Begin PBXSourcesBuildPhase section */
		269DEBE01DABD92D00D4322B /* Sources */ = {
			isa = PBXSourcesBuildPhase;
			buildActionMask = 2147483647;
			files = (
				269DEBEF1DABDB6D00D4322B /* Interactive.swift in Sources */,
				269DEBF11DABE59500D4322B /* io.swift in Sources */,
				269DEBF31DABE64200D4322B /* main.swift in Sources */,
			);
			runOnlyForDeploymentPostprocessing = 0;
		};
/* End PBXSourcesBuildPhase section */

/* Begin XCBuildConfiguration section */
		269DEBE91DABD92D00D4322B /* Debug */ = {
			isa = XCBuildConfiguration;
			buildSettings = {
				ALWAYS_SEARCH_USER_PATHS = NO;
				CLANG_ANALYZER_NONNULL = YES;
				CLANG_CXX_LANGUAGE_STANDARD = "gnu++0x";
				CLANG_CXX_LIBRARY = "libc++";
				CLANG_ENABLE_MODULES = YES;
				CLANG_ENABLE_OBJC_ARC = YES;
				CLANG_WARN_BOOL_CONVERSION = YES;
				CLANG_WARN_CONSTANT_CONVERSION = YES;
				CLANG_WARN_DIRECT_OBJC_ISA_USAGE = YES_ERROR;
				CLANG_WARN_DOCUMENTATION_COMMENTS = YES;
				CLANG_WARN_EMPTY_BODY = YES;
				CLANG_WARN_ENUM_CONVERSION = YES;
				CLANG_WARN_INFINITE_RECURSION = YES;
				CLANG_WARN_INT_CONVERSION = YES;
				CLANG_WARN_OBJC_ROOT_CLASS = YES_ERROR;
				CLANG_WARN_SUSPICIOUS_MOVES = YES;
				CLANG_WARN_UNREACHABLE_CODE = YES;
				CLANG_WARN__DUPLICATE_METHOD_MATCH = YES;
				CODE_SIGN_IDENTITY = "-";
				COPY_PHASE_STRIP = NO;
				DEBUG_INFORMATION_FORMAT = dwarf;
				ENABLE_STRICT_OBJC_MSGSEND = YES;
				ENABLE_TESTABILITY = YES;
				GCC_C_LANGUAGE_STANDARD = gnu99;
				GCC_DYNAMIC_NO_PIC = NO;
				GCC_NO_COMMON_BLOCKS = YES;
				GCC_OPTIMIZATION_LEVEL = 0;
				GCC_PREPROCESSOR_DEFINITIONS = (
					"DEBUG=1",
					"$(inherited)",
				);
				GCC_WARN_64_TO_32_BIT_CONVERSION = YES;
				GCC_WARN_ABOUT_RETURN_TYPE = YES_ERROR;
				GCC_WARN_UNDECLARED_SELECTOR = YES;
				GCC_WARN_UNINITIALIZED_AUTOS = YES_AGGRESSIVE;
				GCC_WARN_UNUSED_FUNCTION = YES;
				GCC_WARN_UNUSED_VARIABLE = YES;
				MACOSX_DEPLOYMENT_TARGET = 10.11;
				MTL_ENABLE_DEBUG_INFO = YES;
				ONLY_ACTIVE_ARCH = YES;
				SDKROOT = macosx;
				SWIFT_OPTIMIZATION_LEVEL = "-Onone";
			};
			name = Debug;
		};
		269DEBEA1DABD92D00D4322B /* Release */ = {
			isa = XCBuildConfiguration;
			buildSettings = {
				ALWAYS_SEARCH_USER_PATHS = NO;
				CLANG_ANALYZER_NONNULL = YES;
				CLANG_CXX_LANGUAGE_STANDARD = "gnu++0x";
				CLANG_CXX_LIBRARY = "libc++";
				CLANG_ENABLE_MODULES = YES;
				CLANG_ENABLE_OBJC_ARC = YES;
				CLANG_WARN_BOOL_CONVERSION = YES;
				CLANG_WARN_CONSTANT_CONVERSION = YES;
				CLANG_WARN_DIRECT_OBJC_ISA_USAGE = YES_ERROR;
				CLANG_WARN_DOCUMENTATION_COMMENTS = YES;
				CLANG_WARN_EMPTY_BODY = YES;
				CLANG_WARN_ENUM_CONVERSION = YES;
				CLANG_WARN_INFINITE_RECURSION = YES;
				CLANG_WARN_INT_CONVERSION = YES;
				CLANG_WARN_OBJC_ROOT_CLASS = YES_ERROR;
				CLANG_WARN_SUSPICIOUS_MOVES = YES;
				CLANG_WARN_UNREACHABLE_CODE = YES;
				CLANG_WARN__DUPLICATE_METHOD_MATCH = YES;
				CODE_SIGN_IDENTITY = "-";
				COPY_PHASE_STRIP = NO;
				DEBUG_INFORMATION_FORMAT = "dwarf-with-dsym";
				ENABLE_NS_ASSERTIONS = NO;
				ENABLE_STRICT_OBJC_MSGSEND = YES;
				GCC_C_LANGUAGE_STANDARD = gnu99;
				GCC_NO_COMMON_BLOCKS = YES;
				GCC_WARN_64_TO_32_BIT_CONVERSION = YES;
				GCC_WARN_ABOUT_RETURN_TYPE = YES_ERROR;
				GCC_WARN_UNDECLARED_SELECTOR = YES;
				GCC_WARN_UNINITIALIZED_AUTOS = YES_AGGRESSIVE;
				GCC_WARN_UNUSED_FUNCTION = YES;
				GCC_WARN_UNUSED_VARIABLE = YES;
				MACOSX_DEPLOYMENT_TARGET = 10.11;
				MTL_ENABLE_DEBUG_INFO = NO;
				SDKROOT = macosx;
			};
			name = Release;
		};
		269DEBEC1DABD92D00D4322B /* Debug */ = {
			isa = XCBuildConfiguration;
			buildSettings = {
				DEVELOPMENT_TEAM = Z6WPWUB2XE;
				PRODUCT_NAME = "$(TARGET_NAME)";
				SWIFT_VERSION = 3.0;
			};
			name = Debug;
		};
		269DEBED1DABD92D00D4322B /* Release */ = {
			isa = XCBuildConfiguration;
			buildSettings = {
				DEVELOPMENT_TEAM = Z6WPWUB2XE;
				PRODUCT_NAME = "$(TARGET_NAME)";
				SWIFT_VERSION = 3.0;
			};
			name = Release;
		};
/* End XCBuildConfiguration section */

/* Begin XCConfigurationList section */
		269DEBDF1DABD92D00D4322B /* Build configuration list for PBXProject "TipCalculator-Raw" */ = {
			isa = XCConfigurationList;
			buildConfigurations = (
				269DEBE91DABD92D00D4322B /* Debug */,
				269DEBEA1DABD92D00D4322B /* Release */,
			);
			defaultConfigurationIsVisible = 0;
			defaultConfigurationName = Release;
		};
		269DEBEB1DABD92D00D4322B /* Build configuration list for PBXNativeTarget "TipCalculator-Raw" */ = {
			isa = XCConfigurationList;
			buildConfigurations = (
				269DEBEC1DABD92D00D4322B /* Debug */,
				269DEBED1DABD92D00D4322B /* Release */,
			);
			defaultConfigurationIsVisible = 0;
		};
/* End XCConfigurationList section */
	};
	rootObject = 269DEBDC1DABD92D00D4322B /* Project object */;
}
